// !$*UTF8*$!
{
	archiveVersion = 1;
	classes = {
	};
	objectVersion = 55;
	objects = {

/* Begin PBXBuildFile section */
		D142005527AECA6F0004A290 /* ToDo_SwiftUI_RealmDBApp.swift in Sources */ = {isa = PBXBuildFile; fileRef = D142005427AECA6F0004A290 /* ToDo_SwiftUI_RealmDBApp.swift */; };
		D142005727AECA6F0004A290 /* ContentView.swift in Sources */ = {isa = PBXBuildFile; fileRef = D142005627AECA6F0004A290 /* ContentView.swift */; };
		D142005927AECA700004A290 /* Assets.xcassets in Resources */ = {isa = PBXBuildFile; fileRef = D142005827AECA700004A290 /* Assets.xcassets */; };
		D142005C27AECA700004A290 /* Preview Assets.xcassets in Resources */ = {isa = PBXBuildFile; fileRef = D142005B27AECA700004A290 /* Preview Assets.xcassets */; };
		D142006427AECB790004A290 /* TasksView.swift in Sources */ = {isa = PBXBuildFile; fileRef = D142006327AECB790004A290 /* TasksView.swift */; };
		D142006727AED57B0004A290 /* TaskRow.swift in Sources */ = {isa = PBXBuildFile; fileRef = D142006627AED57B0004A290 /* TaskRow.swift */; };
		D142006927AED6800004A290 /* AddTaskView.swift in Sources */ = {isa = PBXBuildFile; fileRef = D142006827AED6800004A290 /* AddTaskView.swift */; };
		D142006B27AED8F90004A290 /* FloatingAddButton.swift in Sources */ = {isa = PBXBuildFile; fileRef = D142006A27AED8F90004A290 /* FloatingAddButton.swift */; };
		D142006E27AEE0030004A290 /* Realm in Frameworks */ = {isa = PBXBuildFile; productRef = D142006D27AEE0030004A290 /* Realm */; };
		D142007027AEE0030004A290 /* RealmSwift in Frameworks */ = {isa = PBXBuildFile; productRef = D142006F27AEE0030004A290 /* RealmSwift */; };
		D142007227AEE0390004A290 /* RealmManager.swift in Sources */ = {isa = PBXBuildFile; fileRef = D142007127AEE0390004A290 /* RealmManager.swift */; };
		D142007427AEE18F0004A290 /* Task.swift in Sources */ = {isa = PBXBuildFile; fileRef = D142007327AEE18F0004A290 /* Task.swift */; };
/* End PBXBuildFile section */

/* Begin PBXFileReference section */
		D142005127AECA6F0004A290 /* ToDo-SwiftUI-RealmDB.app */ = {isa = PBXFileReference; explicitFileType = wrapper.application; includeInIndex = 0; path = "ToDo-SwiftUI-RealmDB.app"; sourceTree = BUILT_PRODUCTS_DIR; };
		D142005427AECA6F0004A290 /* ToDo_SwiftUI_RealmDBApp.swift */ = {isa = PBXFileReference; lastKnownFileType = sourcecode.swift; path = ToDo_SwiftUI_RealmDBApp.swift; sourceTree = "<group>"; };
		D142005627AECA6F0004A290 /* ContentView.swift */ = {isa = PBXFileReference; lastKnownFileType = sourcecode.swift; path = ContentView.swift; sourceTree = "<group>"; };
		D142005827AECA700004A290 /* Assets.xcassets */ = {isa = PBXFileReference; lastKnownFileType = folder.assetcatalog; path = Assets.xcassets; sourceTree = "<group>"; };
		D142005B27AECA700004A290 /* Preview Assets.xcassets */ = {isa = PBXFileReference; lastKnownFileType = folder.assetcatalog; path = "Preview Assets.xcassets"; sourceTree = "<group>"; };
		D142006327AECB790004A290 /* TasksView.swift */ = {isa = PBXFileReference; lastKnownFileType = sourcecode.swift; path = TasksView.swift; sourceTree = "<group>"; };
		D142006627AED57B0004A290 /* TaskRow.swift */ = {isa = PBXFileReference; lastKnownFileType = sourcecode.swift; path = TaskRow.swift; sourceTree = "<group>"; };
		D142006827AED6800004A290 /* AddTaskView.swift */ = {isa = PBXFileReference; lastKnownFileType = sourcecode.swift; path = AddTaskView.swift; sourceTree = "<group>"; };
		D142006A27AED8F90004A290 /* FloatingAddButton.swift */ = {isa = PBXFileReference; lastKnownFileType = sourcecode.swift; path = FloatingAddButton.swift; sourceTree = "<group>"; };
		D142007127AEE0390004A290 /* RealmManager.swift */ = {isa = PBXFileReference; lastKnownFileType = sourcecode.swift; path = RealmManager.swift; sourceTree = "<group>"; };
		D142007327AEE18F0004A290 /* Task.swift */ = {isa = PBXFileReference; lastKnownFileType = sourcecode.swift; path = Task.swift; sourceTree = "<group>"; };
/* End PBXFileReference section */

/* Begin PBXFrameworksBuildPhase section */
		D142004E27AECA6F0004A290 /* Frameworks */ = {
			isa = PBXFrameworksBuildPhase;
			buildActionMask = 2147483647;
			files = (
				D142007027AEE0030004A290 /* RealmSwift in Frameworks */,
				D142006E27AEE0030004A290 /* Realm in Frameworks */,
			);
			runOnlyForDeploymentPostprocessing = 0;
		};
/* End PBXFrameworksBuildPhase section */

/* Begin PBXGroup section */
		D142004827AECA6F0004A290 = {
			isa = PBXGroup;
			children = (
				D142005327AECA6F0004A290 /* ToDo-SwiftUI-RealmDB */,
				D142005227AECA6F0004A290 /* Products */,
			);
			sourceTree = "<group>";
		};
		D142005227AECA6F0004A290 /* Products */ = {
			isa = PBXGroup;
			children = (
				D142005127AECA6F0004A290 /* ToDo-SwiftUI-RealmDB.app */,
			);
			name = Products;
			sourceTree = "<group>";
		};
		D142005327AECA6F0004A290 /* ToDo-SwiftUI-RealmDB */ = {
			isa = PBXGroup;
			children = (
				D142006527AED5660004A290 /* Components */,
				D142006227AECB420004A290 /* Views */,
				D142005427AECA6F0004A290 /* ToDo_SwiftUI_RealmDBApp.swift */,
				D142005827AECA700004A290 /* Assets.xcassets */,
				D142005A27AECA700004A290 /* Preview Content */,
				D142007127AEE0390004A290 /* RealmManager.swift */,
				D142007327AEE18F0004A290 /* Task.swift */,
			);
			path = "ToDo-SwiftUI-RealmDB";
			sourceTree = "<group>";
		};
		D142005A27AECA700004A290 /* Preview Content */ = {
			isa = PBXGroup;
			children = (
				D142005B27AECA700004A290 /* Preview Assets.xcassets */,
			);
			path = "Preview Content";
			sourceTree = "<group>";
		};
		D142006227AECB420004A290 /* Views */ = {
			isa = PBXGroup;
			children = (
				D142005627AECA6F0004A290 /* ContentView.swift */,
				D142006327AECB790004A290 /* TasksView.swift */,
				D142006827AED6800004A290 /* AddTaskView.swift */,
			);
			path = Views;
			sourceTree = "<group>";
		};
		D142006527AED5660004A290 /* Components */ = {
			isa = PBXGroup;
			children = (
				D142006627AED57B0004A290 /* TaskRow.swift */,
				D142006A27AED8F90004A290 /* FloatingAddButton.swift */,
			);
			path = Components;
			sourceTree = "<group>";
		};
/* End PBXGroup section */

/* Begin PBXNativeTarget section */
		D142005027AECA6F0004A290 /* ToDo-SwiftUI-RealmDB */ = {
			isa = PBXNativeTarget;
			buildConfigurationList = D142005F27AECA700004A290 /* Build configuration list for PBXNativeTarget "ToDo-SwiftUI-RealmDB" */;
			buildPhases = (
				D142004D27AECA6F0004A290 /* Sources */,
				D142004E27AECA6F0004A290 /* Frameworks */,
				D142004F27AECA6F0004A290 /* Resources */,
			);
			buildRules = (
			);
			dependencies = (
			);
			name = "ToDo-SwiftUI-RealmDB";
			packageProductDependencies = (
				D142006D27AEE0030004A290 /* Realm */,
				D142006F27AEE0030004A290 /* RealmSwift */,
			);
			productName = "ToDo-SwiftUI-RealmDB";
			productReference = D142005127AECA6F0004A290 /* ToDo-SwiftUI-RealmDB.app */;
			productType = "com.apple.product-type.application";
		};
/* End PBXNativeTarget section */

/* Begin PBXProject section */
		D142004927AECA6F0004A290 /* Project object */ = {
			isa = PBXProject;
			attributes = {
				BuildIndependentTargetsInParallel = 1;
				LastSwiftUpdateCheck = 1320;
				LastUpgradeCheck = 1320;
				TargetAttributes = {
					D142005027AECA6F0004A290 = {
						CreatedOnToolsVersion = 13.2.1;
					};
				};
			};
			buildConfigurationList = D142004C27AECA6F0004A290 /* Build configuration list for PBXProject "ToDo-SwiftUI-RealmDB" */;
			compatibilityVersion = "Xcode 13.0";
			developmentRegion = en;
			hasScannedForEncodings = 0;
			knownRegions = (
				en,
				Base,
			);
			mainGroup = D142004827AECA6F0004A290;
			packageReferences = (
				D142006C27AEE0030004A290 /* XCRemoteSwiftPackageReference "realm-swift" */,
			);
			productRefGroup = D142005227AECA6F0004A290 /* Products */;
			projectDirPath = "";
			projectRoot = "";
			targets = (
				D142005027AECA6F0004A290 /* ToDo-SwiftUI-RealmDB */,
			);
		};
/* End PBXProject section */

/* Begin PBXResourcesBuildPhase section */
		D142004F27AECA6F0004A290 /* Resources */ = {
			isa = PBXResourcesBuildPhase;
			buildActionMask = 2147483647;
			files = (
				D142005C27AECA700004A290 /* Preview Assets.xcassets in Resources */,
				D142005927AECA700004A290 /* Assets.xcassets in Resources */,
			);
			runOnlyForDeploymentPostprocessing = 0;
		};
/* End PBXResourcesBuildPhase section */

/* Begin PBXSourcesBuildPhase section */
		D142004D27AECA6F0004A290 /* Sources */ = {
			isa = PBXSourcesBuildPhase;
			buildActionMask = 2147483647;
			files = (
				D142007427AEE18F0004A290 /* Task.swift in Sources */,
				D142005727AECA6F0004A290 /* ContentView.swift in Sources */,
				D142006927AED6800004A290 /* AddTaskView.swift in Sources */,
				D142006427AECB790004A290 /* TasksView.swift in Sources */,
				D142006B27AED8F90004A290 /* FloatingAddButton.swift in Sources */,
				D142005527AECA6F0004A290 /* ToDo_SwiftUI_RealmDBApp.swift in Sources */,
				D142007227AEE0390004A290 /* RealmManager.swift in Sources */,
				D142006727AED57B0004A290 /* TaskRow.swift in Sources */,
			);
			runOnlyForDeploymentPostprocessing = 0;
		};
/* End PBXSourcesBuildPhase section */

/* Begin XCBuildConfiguration section */
		D142005D27AECA700004A290 /* Debug */ = {
			isa = XCBuildConfiguration;
			buildSettings = {
				ALWAYS_SEARCH_USER_PATHS = NO;
				CLANG_ANALYZER_NONNULL = YES;
				CLANG_ANALYZER_NUMBER_OBJECT_CONVERSION = YES_AGGRESSIVE;
				CLANG_CXX_LANGUAGE_STANDARD = "gnu++17";
				CLANG_CXX_LIBRARY = "libc++";
				CLANG_ENABLE_MODULES = YES;
				CLANG_ENABLE_OBJC_ARC = YES;
				CLANG_ENABLE_OBJC_WEAK = YES;
				CLANG_WARN_BLOCK_CAPTURE_AUTORELEASING = YES;
				CLANG_WARN_BOOL_CONVERSION = YES;
				CLANG_WARN_COMMA = YES;
				CLANG_WARN_CONSTANT_CONVERSION = YES;
				CLANG_WARN_DEPRECATED_OBJC_IMPLEMENTATIONS = YES;
				CLANG_WARN_DIRECT_OBJC_ISA_USAGE = YES_ERROR;
				CLANG_WARN_DOCUMENTATION_COMMENTS = YES;
				CLANG_WARN_EMPTY_BODY = YES;
				CLANG_WARN_ENUM_CONVERSION = YES;
				CLANG_WARN_INFINITE_RECURSION = YES;
				CLANG_WARN_INT_CONVERSION = YES;
				CLANG_WARN_NON_LITERAL_NULL_CONVERSION = YES;
				CLANG_WARN_OBJC_IMPLICIT_RETAIN_SELF = YES;
				CLANG_WARN_OBJC_LITERAL_CONVERSION = YES;
				CLANG_WARN_OBJC_ROOT_CLASS = YES_ERROR;
				CLANG_WARN_QUOTED_INCLUDE_IN_FRAMEWORK_HEADER = YES;
				CLANG_WARN_RANGE_LOOP_ANALYSIS = YES;
				CLANG_WARN_STRICT_PROTOTYPES = YES;
				CLANG_WARN_SUSPICIOUS_MOVE = YES;
				CLANG_WARN_UNGUARDED_AVAILABILITY = YES_AGGRESSIVE;
				CLANG_WARN_UNREACHABLE_CODE = YES;
				CLANG_WARN__DUPLICATE_METHOD_MATCH = YES;
				COPY_PHASE_STRIP = NO;
				DEBUG_INFORMATION_FORMAT = dwarf;
				ENABLE_STRICT_OBJC_MSGSEND = YES;
				ENABLE_TESTABILITY = YES;
				GCC_C_LANGUAGE_STANDARD = gnu11;
				GCC_DYNAMIC_NO_PIC = NO;
				GCC_NO_COMMON_BLOCKS = YES;
				GCC_OPTIMIZATION_LEVEL = 0;
				GCC_PREPROCESSOR_DEFINITIONS = (
					"DEBUG=1",
					"$(inherited)",
				);
				GCC_WARN_64_TO_32_BIT_CONVERSION = YES;
				GCC_WARN_ABOUT_RETURN_TYPE = YES_ERROR;
				GCC_WARN_UNDECLARED_SELECTOR = YES;
				GCC_WARN_UNINITIALIZED_AUTOS = YES_AGGRESSIVE;
				GCC_WARN_UNUSED_FUNCTION = YES;
				GCC_WARN_UNUSED_VARIABLE = YES;
				IPHONEOS_DEPLOYMENT_TARGET = 15.2;
				MTL_ENABLE_DEBUG_INFO = INCLUDE_SOURCE;
				MTL_FAST_MATH = YES;
				ONLY_ACTIVE_ARCH = YES;
				SDKROOT = iphoneos;
				SWIFT_ACTIVE_COMPILATION_CONDITIONS = DEBUG;
				SWIFT_OPTIMIZATION_LEVEL = "-Onone";
			};
			name = Debug;
		};
		D142005E27AECA700004A290 /* Release */ = {
			isa = XCBuildConfiguration;
			buildSettings = {
				ALWAYS_SEARCH_USER_PATHS = NO;
				CLANG_ANALYZER_NONNULL = YES;
				CLANG_ANALYZER_NUMBER_OBJECT_CONVERSION = YES_AGGRESSIVE;
				CLANG_CXX_LANGUAGE_STANDARD = "gnu++17";
				CLANG_CXX_LIBRARY = "libc++";
				CLANG_ENABLE_MODULES = YES;
				CLANG_ENABLE_OBJC_ARC = YES;
				CLANG_ENABLE_OBJC_WEAK = YES;
				CLANG_WARN_BLOCK_CAPTURE_AUTORELEASING = YES;
				CLANG_WARN_BOOL_CONVERSION = YES;
				CLANG_WARN_COMMA = YES;
				CLANG_WARN_CONSTANT_CONVERSION = YES;
				CLANG_WARN_DEPRECATED_OBJC_IMPLEMENTATIONS = YES;
				CLANG_WARN_DIRECT_OBJC_ISA_USAGE = YES_ERROR;
				CLANG_WARN_DOCUMENTATION_COMMENTS = YES;
				CLANG_WARN_EMPTY_BODY = YES;
				CLANG_WARN_ENUM_CONVERSION = YES;
				CLANG_WARN_INFINITE_RECURSION = YES;
				CLANG_WARN_INT_CONVERSION = YES;
				CLANG_WARN_NON_LITERAL_NULL_CONVERSION = YES;
				CLANG_WARN_OBJC_IMPLICIT_RETAIN_SELF = YES;
				CLANG_WARN_OBJC_LITERAL_CONVERSION = YES;
				CLANG_WARN_OBJC_ROOT_CLASS = YES_ERROR;
				CLANG_WARN_QUOTED_INCLUDE_IN_FRAMEWORK_HEADER = YES;
				CLANG_WARN_RANGE_LOOP_ANALYSIS = YES;
				CLANG_WARN_STRICT_PROTOTYPES = YES;
				CLANG_WARN_SUSPICIOUS_MOVE = YES;
				CLANG_WARN_UNGUARDED_AVAILABILITY = YES_AGGRESSIVE;
				CLANG_WARN_UNREACHABLE_CODE = YES;
				CLANG_WARN__DUPLICATE_METHOD_MATCH = YES;
				COPY_PHASE_STRIP = NO;
				DEBUG_INFORMATION_FORMAT = "dwarf-with-dsym";
				ENABLE_NS_ASSERTIONS = NO;
				ENABLE_STRICT_OBJC_MSGSEND = YES;
				GCC_C_LANGUAGE_STANDARD = gnu11;
				GCC_NO_COMMON_BLOCKS = YES;
				GCC_WARN_64_TO_32_BIT_CONVERSION = YES;
				GCC_WARN_ABOUT_RETURN_TYPE = YES_ERROR;
				GCC_WARN_UNDECLARED_SELECTOR = YES;
				GCC_WARN_UNINITIALIZED_AUTOS = YES_AGGRESSIVE;
				GCC_WARN_UNUSED_FUNCTION = YES;
				GCC_WARN_UNUSED_VARIABLE = YES;
				IPHONEOS_DEPLOYMENT_TARGET = 15.2;
				MTL_ENABLE_DEBUG_INFO = NO;
				MTL_FAST_MATH = YES;
				SDKROOT = iphoneos;
				SWIFT_COMPILATION_MODE = wholemodule;
				SWIFT_OPTIMIZATION_LEVEL = "-O";
				VALIDATE_PRODUCT = YES;
			};
			name = Release;
		};
		D142006027AECA700004A290 /* Debug */ = {
			isa = XCBuildConfiguration;
			buildSettings = {
				ASSETCATALOG_COMPILER_APPICON_NAME = AppIcon;
				ASSETCATALOG_COMPILER_GLOBAL_ACCENT_COLOR_NAME = AccentColor;
				CODE_SIGN_STYLE = Automatic;
				CURRENT_PROJECT_VERSION = 1;
				DEVELOPMENT_ASSET_PATHS = "\"ToDo-SwiftUI-RealmDB/Preview Content\"";
				DEVELOPMENT_TEAM = K6GZTHQ9Z5;
				ENABLE_PREVIEWS = YES;
				GENERATE_INFOPLIST_FILE = YES;
				INFOPLIST_KEY_UIApplicationSceneManifest_Generation = YES;
				INFOPLIST_KEY_UIApplicationSupportsIndirectInputEvents = YES;
				INFOPLIST_KEY_UILaunchScreen_Generation = YES;
				INFOPLIST_KEY_UISupportedInterfaceOrientations_iPad = "UIInterfaceOrientationPortrait UIInterfaceOrientationPortraitUpsideDown UIInterfaceOrientationLandscapeLeft UIInterfaceOrientationLandscapeRight";
				INFOPLIST_KEY_UISupportedInterfaceOrientations_iPhone = "UIInterfaceOrientationPortrait UIInterfaceOrientationLandscapeLeft UIInterfaceOrientationLandscapeRight";
				LD_RUNPATH_SEARCH_PATHS = (
					"$(inherited)",
					"@executable_path/Frameworks",
				);
				MARKETING_VERSION = 1.0;
				PRODUCT_BUNDLE_IDENTIFIER = "io.thisisnovember.ToDo-SwiftUI-RealmDB";
				PRODUCT_NAME = "$(TARGET_NAME)";
				SWIFT_EMIT_LOC_STRINGS = YES;
				SWIFT_VERSION = 5.0;
				TARGETED_DEVICE_FAMILY = "1,2";
			};
			name = Debug;
		};
		D142006127AECA700004A290 /* Release */ = {
			isa = XCBuildConfiguration;
			buildSettings = {
				ASSETCATALOG_COMPILER_APPICON_NAME = AppIcon;
				ASSETCATALOG_COMPILER_GLOBAL_ACCENT_COLOR_NAME = AccentColor;
				CODE_SIGN_STYLE = Automatic;
				CURRENT_PROJECT_VERSION = 1;
				DEVELOPMENT_ASSET_PATHS = "\"ToDo-SwiftUI-RealmDB/Preview Content\"";
				DEVELOPMENT_TEAM = K6GZTHQ9Z5;
				ENABLE_PREVIEWS = YES;
				GENERATE_INFOPLIST_FILE = YES;
				INFOPLIST_KEY_UIApplicationSceneManifest_Generation = YES;
				INFOPLIST_KEY_UIApplicationSupportsIndirectInputEvents = YES;
				INFOPLIST_KEY_UILaunchScreen_Generation = YES;
				INFOPLIST_KEY_UISupportedInterfaceOrientations_iPad = "UIInterfaceOrientationPortrait UIInterfaceOrientationPortraitUpsideDown UIInterfaceOrientationLandscapeLeft UIInterfaceOrientationLandscapeRight";
				INFOPLIST_KEY_UISupportedInterfaceOrientations_iPhone = "UIInterfaceOrientationPortrait UIInterfaceOrientationLandscapeLeft UIInterfaceOrientationLandscapeRight";
				LD_RUNPATH_SEARCH_PATHS = (
					"$(inherited)",
					"@executable_path/Frameworks",
				);
				MARKETING_VERSION = 1.0;
				PRODUCT_BUNDLE_IDENTIFIER = "io.thisisnovember.ToDo-SwiftUI-RealmDB";
				PRODUCT_NAME = "$(TARGET_NAME)";
				SWIFT_EMIT_LOC_STRINGS = YES;
				SWIFT_VERSION = 5.0;
				TARGETED_DEVICE_FAMILY = "1,2";
			};
			name = Release;
		};
/* End XCBuildConfiguration section */

/* Begin XCConfigurationList section */
		D142004C27AECA6F0004A290 /* Build configuration list for PBXProject "ToDo-SwiftUI-RealmDB" */ = {
			isa = XCConfigurationList;
			buildConfigurations = (
				D142005D27AECA700004A290 /* Debug */,
				D142005E27AECA700004A290 /* Release */,
			);
			defaultConfigurationIsVisible = 0;
			defaultConfigurationName = Release;
		};
		D142005F27AECA700004A290 /* Build configuration list for PBXNativeTarget "ToDo-SwiftUI-RealmDB" */ = {
			isa = XCConfigurationList;
			buildConfigurations = (
				D142006027AECA700004A290 /* Debug */,
				D142006127AECA700004A290 /* Release */,
			);
			defaultConfigurationIsVisible = 0;
			defaultConfigurationName = Release;
		};
/* End XCConfigurationList section */

/* Begin XCRemoteSwiftPackageReference section */
		D142006C27AEE0030004A290 /* XCRemoteSwiftPackageReference "realm-swift" */ = {
			isa = XCRemoteSwiftPackageReference;
			repositoryURL = "https://github.com/realm/realm-swift.git";
			requirement = {
				kind = upToNextMajorVersion;
				minimumVersion = 10.10.0;
			};
		};
/* End XCRemoteSwiftPackageReference section */

/* Begin XCSwiftPackageProductDependency section */
		D142006D27AEE0030004A290 /* Realm */ = {
			isa = XCSwiftPackageProductDependency;
			package = D142006C27AEE0030004A290 /* XCRemoteSwiftPackageReference "realm-swift" */;
			productName = Realm;
		};
		D142006F27AEE0030004A290 /* RealmSwift */ = {
			isa = XCSwiftPackageProductDependency;
			package = D142006C27AEE0030004A290 /* XCRemoteSwiftPackageReference "realm-swift" */;
			productName = RealmSwift;
		};
/* End XCSwiftPackageProductDependency section */
	};
	rootObject = D142004927AECA6F0004A290 /* Project object */;
}
